// !$*UTF8*$!
{
	archiveVersion = 1;
	classes = {
	};
	objectVersion = 51;
	objects = {

/* Begin PBXBuildFile section */
		0D02DD4926853DBF0039EC0B /* Contact.swift in Sources */ = {isa = PBXBuildFile; fileRef = 0D02DD4826853DBF0039EC0B /* Contact.swift */; };
		0D02DD4B26853E6A0039EC0B /* Announcement.swift in Sources */ = {isa = PBXBuildFile; fileRef = 0D02DD4A26853E6A0039EC0B /* Announcement.swift */; };
		0D02DD4D26853E780039EC0B /* Player.swift in Sources */ = {isa = PBXBuildFile; fileRef = 0D02DD4C26853E780039EC0B /* Player.swift */; };
		0D02DD4F2685435A0039EC0B /* TeamError.swift in Sources */ = {isa = PBXBuildFile; fileRef = 0D02DD4E2685435A0039EC0B /* TeamError.swift */; };
		0D02DD5226854B340039EC0B /* ContactController.swift in Sources */ = {isa = PBXBuildFile; fileRef = 0D02DD5126854B340039EC0B /* ContactController.swift */; };
		0D02DD5426854B450039EC0B /* AnnouncementController.swift in Sources */ = {isa = PBXBuildFile; fileRef = 0D02DD5326854B450039EC0B /* AnnouncementController.swift */; };
		0D02DD5626854B540039EC0B /* PlayerController.swift in Sources */ = {isa = PBXBuildFile; fileRef = 0D02DD5526854B540039EC0B /* PlayerController.swift */; };
		0D10323A26814C9800136C9A /* AuthViewController.swift in Sources */ = {isa = PBXBuildFile; fileRef = 0D10323926814C9800136C9A /* AuthViewController.swift */; };
		0D10323D26814CC500136C9A /* LoginViewController.swift in Sources */ = {isa = PBXBuildFile; fileRef = 0D10323C26814CC500136C9A /* LoginViewController.swift */; };
		0D10323F26814CD300136C9A /* SignUpViewController.swift in Sources */ = {isa = PBXBuildFile; fileRef = 0D10323E26814CD300136C9A /* SignUpViewController.swift */; };
		0D10324126814FF600136C9A /* TeamViewController.swift in Sources */ = {isa = PBXBuildFile; fileRef = 0D10324026814FF600136C9A /* TeamViewController.swift */; };
		0D1032452681502200136C9A /* JoinTeamViewController.swift in Sources */ = {isa = PBXBuildFile; fileRef = 0D1032442681502200136C9A /* JoinTeamViewController.swift */; };
		0D1032472681504100136C9A /* CreateNewTeamViewController.swift in Sources */ = {isa = PBXBuildFile; fileRef = 0D1032462681504100136C9A /* CreateNewTeamViewController.swift */; };
		0D1032492681515100136C9A /* HomeViewController.swift in Sources */ = {isa = PBXBuildFile; fileRef = 0D1032482681515100136C9A /* HomeViewController.swift */; };
		0D3A50502695366000C1FA6C /* ModalContactViewController.swift in Sources */ = {isa = PBXBuildFile; fileRef = 0D3A504F2695366000C1FA6C /* ModalContactViewController.swift */; };
		0D54C576268BD68400934307 /* PlayerTableViewCell.swift in Sources */ = {isa = PBXBuildFile; fileRef = 0D54C575268BD68400934307 /* PlayerTableViewCell.swift */; };
		0D59478A268AB76000A9DA0F /* RosterViewController.swift in Sources */ = {isa = PBXBuildFile; fileRef = 0D594789268AB76000A9DA0F /* RosterViewController.swift */; };
		0D59478C268AB7FA00A9DA0F /* EventDetailViewController.swift in Sources */ = {isa = PBXBuildFile; fileRef = 0D59478B268AB7FA00A9DA0F /* EventDetailViewController.swift */; };
		0D70A97C268E7FB200F82081 /* CodeModalViewController.swift in Sources */ = {isa = PBXBuildFile; fileRef = 0D70A97B268E7FB200F82081 /* CodeModalViewController.swift */; };
		0D70A97E268F643500F82081 /* AddEventTableViewCell.swift in Sources */ = {isa = PBXBuildFile; fileRef = 0D70A97D268F643500F82081 /* AddEventTableViewCell.swift */; };
		0D70A980268F646900F82081 /* AddPlayerTableViewCell.swift in Sources */ = {isa = PBXBuildFile; fileRef = 0D70A97F268F646900F82081 /* AddPlayerTableViewCell.swift */; };
		0D70A982268F650000F82081 /* LeagueDetailsTableViewCell.swift in Sources */ = {isa = PBXBuildFile; fileRef = 0D70A981268F650000F82081 /* LeagueDetailsTableViewCell.swift */; };
		0D70A984268F680700F82081 /* CreateTeamTableViewCell.swift in Sources */ = {isa = PBXBuildFile; fileRef = 0D70A983268F680700F82081 /* CreateTeamTableViewCell.swift */; };
		0D94E17F2682336B005602ED /* TeamTableViewCell.swift in Sources */ = {isa = PBXBuildFile; fileRef = 0D94E17E2682336B005602ED /* TeamTableViewCell.swift */; };
		0D94E18126823841005602ED /* EventTableViewCell.swift in Sources */ = {isa = PBXBuildFile; fileRef = 0D94E18026823841005602ED /* EventTableViewCell.swift */; };
		0D94E18326823864005602ED /* CreateEventViewController.swift in Sources */ = {isa = PBXBuildFile; fileRef = 0D94E18226823864005602ED /* CreateEventViewController.swift */; };
		0D94E18526823DEB005602ED /* JoinTeamTableViewCell.swift in Sources */ = {isa = PBXBuildFile; fileRef = 0D94E18426823DEB005602ED /* JoinTeamTableViewCell.swift */; };
		0D94E18726823F8E005602ED /* TeamController.swift in Sources */ = {isa = PBXBuildFile; fileRef = 0D94E18626823F8E005602ED /* TeamController.swift */; };
		0D94E18926824018005602ED /* User.swift in Sources */ = {isa = PBXBuildFile; fileRef = 0D94E18826824018005602ED /* User.swift */; };
		0D94E18B26824025005602ED /* Team.swift in Sources */ = {isa = PBXBuildFile; fileRef = 0D94E18A26824025005602ED /* Team.swift */; };
		0D94E18D2682402E005602ED /* Event.swift in Sources */ = {isa = PBXBuildFile; fileRef = 0D94E18C2682402E005602ED /* Event.swift */; };
		0D94E18F2682762B005602ED /* Strings.swift in Sources */ = {isa = PBXBuildFile; fileRef = 0D94E18E2682762B005602ED /* Strings.swift */; };
		0D94E19326827AE4005602ED /* UserController.swift in Sources */ = {isa = PBXBuildFile; fileRef = 0D94E19226827AE4005602ED /* UserController.swift */; };
		0D94E19526828E3C005602ED /* UserError.swift in Sources */ = {isa = PBXBuildFile; fileRef = 0D94E19426828E3C005602ED /* UserError.swift */; };
		0DC5EA8C269356EF000A7BAC /* UserManagementViewController.swift in Sources */ = {isa = PBXBuildFile; fileRef = 0DC5EA8B269356EF000A7BAC /* UserManagementViewController.swift */; };
		0DC5EA8E26935776000A7BAC /* EditContactsViewController.swift in Sources */ = {isa = PBXBuildFile; fileRef = 0DC5EA8D26935776000A7BAC /* EditContactsViewController.swift */; };
		0DC5EA9026935783000A7BAC /* AnnouncementsViewController.swift in Sources */ = {isa = PBXBuildFile; fileRef = 0DC5EA8F26935783000A7BAC /* AnnouncementsViewController.swift */; };
		0DC5EA93269362B3000A7BAC /* UserTableViewCell.swift in Sources */ = {isa = PBXBuildFile; fileRef = 0DC5EA92269362B3000A7BAC /* UserTableViewCell.swift */; };
		0DC5EA95269362C4000A7BAC /* EditContactTableViewCell.swift in Sources */ = {isa = PBXBuildFile; fileRef = 0DC5EA94269362C4000A7BAC /* EditContactTableViewCell.swift */; };
		0DC5EA97269364FC000A7BAC /* EditAnnouncementTableViewCell.swift in Sources */ = {isa = PBXBuildFile; fileRef = 0DC5EA96269364FC000A7BAC /* EditAnnouncementTableViewCell.swift */; };
		0DC5EA9926936EAB000A7BAC /* AddContactTableViewCell.swift in Sources */ = {isa = PBXBuildFile; fileRef = 0DC5EA9826936EAB000A7BAC /* AddContactTableViewCell.swift */; };
		0DC5EA9B26936FEB000A7BAC /* addAnnouncementTableViewCell.swift in Sources */ = {isa = PBXBuildFile; fileRef = 0DC5EA9A26936FEB000A7BAC /* addAnnouncementTableViewCell.swift */; };
		344A556C1CC49A28C2069EF5 /* Pods_TeamyApp.framework in Frameworks */ = {isa = PBXBuildFile; fileRef = BAB8089433EFD9BD3ACCEF72 /* Pods_TeamyApp.framework */; };
		79CF316D26864020005ECEC8 /* PhotoPickerViewController.swift in Sources */ = {isa = PBXBuildFile; fileRef = 79CF316C26864020005ECEC8 /* PhotoPickerViewController.swift */; };
		79D8F97C268D19E500691F2B /* UserSettingsViewController.swift in Sources */ = {isa = PBXBuildFile; fileRef = 79D8F97B268D19E500691F2B /* UserSettingsViewController.swift */; };
		AA5E56102686670E00A8C3E7 /* SearchViewController.swift in Sources */ = {isa = PBXBuildFile; fileRef = AA5E560F2686670E00A8C3E7 /* SearchViewController.swift */; };
		AA5E56122686671B00A8C3E7 /* SearchTableViewController.swift in Sources */ = {isa = PBXBuildFile; fileRef = AA5E56112686671B00A8C3E7 /* SearchTableViewController.swift */; };
		AA662E6926838F670061145E /* EventController.swift in Sources */ = {isa = PBXBuildFile; fileRef = AA662E6826838F670061145E /* EventController.swift */; };
		AA662E6B2683DC930061145E /* DateFormatter.swift in Sources */ = {isa = PBXBuildFile; fileRef = AA662E6A2683DC930061145E /* DateFormatter.swift */; };
		AC08306F268CE333001C7D67 /* RosterCellTableViewCell.swift in Sources */ = {isa = PBXBuildFile; fileRef = AC08306A268CE333001C7D67 /* RosterCellTableViewCell.swift */; };
		AC083070268CE333001C7D67 /* ContactCellTableViewCell.swift in Sources */ = {isa = PBXBuildFile; fileRef = AC08306B268CE333001C7D67 /* ContactCellTableViewCell.swift */; };
		AC083072268CE333001C7D67 /* AnnounceTableViewCell.swift in Sources */ = {isa = PBXBuildFile; fileRef = AC08306D268CE333001C7D67 /* AnnounceTableViewCell.swift */; };
		AC083073268CE333001C7D67 /* ManageTeamTableViewCell.swift in Sources */ = {isa = PBXBuildFile; fileRef = AC08306E268CE333001C7D67 /* ManageTeamTableViewCell.swift */; };
		AC083085268CE409001C7D67 /* AdminMembersTableViewCell.swift in Sources */ = {isa = PBXBuildFile; fileRef = AC083075268CE408001C7D67 /* AdminMembersTableViewCell.swift */; };
		AC083086268CE409001C7D67 /* TeamNameTableViewCell.swift in Sources */ = {isa = PBXBuildFile; fileRef = AC083076268CE408001C7D67 /* TeamNameTableViewCell.swift */; };
		AC083087268CE409001C7D67 /* TeamMembersTableViewCell.swift in Sources */ = {isa = PBXBuildFile; fileRef = AC083077268CE408001C7D67 /* TeamMembersTableViewCell.swift */; };
		AC083088268CE409001C7D67 /* TeamBioTableViewCell.swift in Sources */ = {isa = PBXBuildFile; fileRef = AC083078268CE408001C7D67 /* TeamBioTableViewCell.swift */; };
		AC083089268CE409001C7D67 /* TeamContactsTableViewCell.swift in Sources */ = {isa = PBXBuildFile; fileRef = AC083079268CE408001C7D67 /* TeamContactsTableViewCell.swift */; };
		AC08308A268CE409001C7D67 /* CoachsBioTableViewCell.xib in Resources */ = {isa = PBXBuildFile; fileRef = AC08307A268CE408001C7D67 /* CoachsBioTableViewCell.xib */; };
		AC08308B268CE409001C7D67 /* TeamBioTableViewCell.xib in Resources */ = {isa = PBXBuildFile; fileRef = AC08307B268CE408001C7D67 /* TeamBioTableViewCell.xib */; };
		AC08308C268CE409001C7D67 /* TeamNameTableViewCell.xib in Resources */ = {isa = PBXBuildFile; fileRef = AC08307C268CE408001C7D67 /* TeamNameTableViewCell.xib */; };
		AC08308D268CE409001C7D67 /* CoachsBioTableViewCell.swift in Sources */ = {isa = PBXBuildFile; fileRef = AC08307D268CE408001C7D67 /* CoachsBioTableViewCell.swift */; };
		AC08308E268CE409001C7D67 /* AdminMembersTableViewCell.xib in Resources */ = {isa = PBXBuildFile; fileRef = AC08307E268CE408001C7D67 /* AdminMembersTableViewCell.xib */; };
		AC08308F268CE409001C7D67 /* TeamMembersTableViewCell.xib in Resources */ = {isa = PBXBuildFile; fileRef = AC08307F268CE408001C7D67 /* TeamMembersTableViewCell.xib */; };
		AC083090268CE409001C7D67 /* TeamContactsTableViewCell.xib in Resources */ = {isa = PBXBuildFile; fileRef = AC083080268CE408001C7D67 /* TeamContactsTableViewCell.xib */; };
		AC083091268CE409001C7D67 /* TeamAnnouncementsTableViewCell.swift in Sources */ = {isa = PBXBuildFile; fileRef = AC083081268CE408001C7D67 /* TeamAnnouncementsTableViewCell.swift */; };
		AC083092268CE409001C7D67 /* TeamAnnouncementsTableViewCell.xib in Resources */ = {isa = PBXBuildFile; fileRef = AC083082268CE409001C7D67 /* TeamAnnouncementsTableViewCell.xib */; };
		AC239763268A42E00099E075 /* UIColorConverter.swift in Sources */ = {isa = PBXBuildFile; fileRef = AC239762268A42E00099E075 /* UIColorConverter.swift */; };
		ACC26F6C268FAE33000581B4 /* EditTeamColorTableViewCell.swift in Sources */ = {isa = PBXBuildFile; fileRef = ACC26F6B268FAE33000581B4 /* EditTeamColorTableViewCell.swift */; };
		ACC9759726810FBA000C3593 /* AppDelegate.swift in Sources */ = {isa = PBXBuildFile; fileRef = ACC9759626810FBA000C3593 /* AppDelegate.swift */; };
		ACC9759926810FBA000C3593 /* SceneDelegate.swift in Sources */ = {isa = PBXBuildFile; fileRef = ACC9759826810FBA000C3593 /* SceneDelegate.swift */; };
		ACC9759E26810FBA000C3593 /* Main.storyboard in Resources */ = {isa = PBXBuildFile; fileRef = ACC9759C26810FBA000C3593 /* Main.storyboard */; };
		ACC975A026810FBC000C3593 /* Assets.xcassets in Resources */ = {isa = PBXBuildFile; fileRef = ACC9759F26810FBC000C3593 /* Assets.xcassets */; };
		ACC975A326810FBC000C3593 /* LaunchScreen.storyboard in Resources */ = {isa = PBXBuildFile; fileRef = ACC975A126810FBC000C3593 /* LaunchScreen.storyboard */; };
		ACC975AD26811157000C3593 /* HelpersPlaceholders.swift in Sources */ = {isa = PBXBuildFile; fileRef = ACC975AC26811157000C3593 /* HelpersPlaceholders.swift */; };
		ACC975B426811271000C3593 /* ModelControllersPlaceholder.swift in Sources */ = {isa = PBXBuildFile; fileRef = ACC975B326811271000C3593 /* ModelControllersPlaceholder.swift */; };
		ACC975B926811389000C3593 /* CustomViewsPlaceholder.swift in Sources */ = {isa = PBXBuildFile; fileRef = ACC975B826811389000C3593 /* CustomViewsPlaceholder.swift */; };
		ACC975BE26811868000C3593 /* GoogleService-Info.plist in Resources */ = {isa = PBXBuildFile; fileRef = ACC975BD26811868000C3593 /* GoogleService-Info.plist */; };
		ACFDD5322684DFB300640C0B /* ManageTeamTableViewController.swift in Sources */ = {isa = PBXBuildFile; fileRef = ACFDD5312684DFB300640C0B /* ManageTeamTableViewController.swift */; };
/* End PBXBuildFile section */

/* Begin PBXFileReference section */
		050254EA7E9DD309E2BDAAFE /* Pods-TeamyApp.release.xcconfig */ = {isa = PBXFileReference; includeInIndex = 1; lastKnownFileType = text.xcconfig; name = "Pods-TeamyApp.release.xcconfig"; path = "Target Support Files/Pods-TeamyApp/Pods-TeamyApp.release.xcconfig"; sourceTree = "<group>"; };
		0D02DD4826853DBF0039EC0B /* Contact.swift */ = {isa = PBXFileReference; lastKnownFileType = sourcecode.swift; path = Contact.swift; sourceTree = "<group>"; };
		0D02DD4A26853E6A0039EC0B /* Announcement.swift */ = {isa = PBXFileReference; lastKnownFileType = sourcecode.swift; path = Announcement.swift; sourceTree = "<group>"; };
		0D02DD4C26853E780039EC0B /* Player.swift */ = {isa = PBXFileReference; lastKnownFileType = sourcecode.swift; path = Player.swift; sourceTree = "<group>"; };
		0D02DD4E2685435A0039EC0B /* TeamError.swift */ = {isa = PBXFileReference; lastKnownFileType = sourcecode.swift; path = TeamError.swift; sourceTree = "<group>"; };
		0D02DD5126854B340039EC0B /* ContactController.swift */ = {isa = PBXFileReference; lastKnownFileType = sourcecode.swift; path = ContactController.swift; sourceTree = "<group>"; };
		0D02DD5326854B450039EC0B /* AnnouncementController.swift */ = {isa = PBXFileReference; lastKnownFileType = sourcecode.swift; path = AnnouncementController.swift; sourceTree = "<group>"; };
		0D02DD5526854B540039EC0B /* PlayerController.swift */ = {isa = PBXFileReference; lastKnownFileType = sourcecode.swift; path = PlayerController.swift; sourceTree = "<group>"; };
		0D10323926814C9800136C9A /* AuthViewController.swift */ = {isa = PBXFileReference; lastKnownFileType = sourcecode.swift; path = AuthViewController.swift; sourceTree = "<group>"; };
		0D10323C26814CC500136C9A /* LoginViewController.swift */ = {isa = PBXFileReference; lastKnownFileType = sourcecode.swift; path = LoginViewController.swift; sourceTree = "<group>"; };
		0D10323E26814CD300136C9A /* SignUpViewController.swift */ = {isa = PBXFileReference; lastKnownFileType = sourcecode.swift; path = SignUpViewController.swift; sourceTree = "<group>"; };
		0D10324026814FF600136C9A /* TeamViewController.swift */ = {isa = PBXFileReference; lastKnownFileType = sourcecode.swift; path = TeamViewController.swift; sourceTree = "<group>"; };
		0D1032442681502200136C9A /* JoinTeamViewController.swift */ = {isa = PBXFileReference; lastKnownFileType = sourcecode.swift; path = JoinTeamViewController.swift; sourceTree = "<group>"; };
		0D1032462681504100136C9A /* CreateNewTeamViewController.swift */ = {isa = PBXFileReference; lastKnownFileType = sourcecode.swift; path = CreateNewTeamViewController.swift; sourceTree = "<group>"; };
		0D1032482681515100136C9A /* HomeViewController.swift */ = {isa = PBXFileReference; lastKnownFileType = sourcecode.swift; path = HomeViewController.swift; sourceTree = "<group>"; };
		0D3A504F2695366000C1FA6C /* ModalContactViewController.swift */ = {isa = PBXFileReference; lastKnownFileType = sourcecode.swift; path = ModalContactViewController.swift; sourceTree = "<group>"; };
		0D54C575268BD68400934307 /* PlayerTableViewCell.swift */ = {isa = PBXFileReference; lastKnownFileType = sourcecode.swift; path = PlayerTableViewCell.swift; sourceTree = "<group>"; };
		0D594789268AB76000A9DA0F /* RosterViewController.swift */ = {isa = PBXFileReference; lastKnownFileType = sourcecode.swift; path = RosterViewController.swift; sourceTree = "<group>"; };
		0D59478B268AB7FA00A9DA0F /* EventDetailViewController.swift */ = {isa = PBXFileReference; lastKnownFileType = sourcecode.swift; path = EventDetailViewController.swift; sourceTree = "<group>"; };
		0D70A97B268E7FB200F82081 /* CodeModalViewController.swift */ = {isa = PBXFileReference; lastKnownFileType = sourcecode.swift; path = CodeModalViewController.swift; sourceTree = "<group>"; };
		0D70A97D268F643500F82081 /* AddEventTableViewCell.swift */ = {isa = PBXFileReference; lastKnownFileType = sourcecode.swift; path = AddEventTableViewCell.swift; sourceTree = "<group>"; };
		0D70A97F268F646900F82081 /* AddPlayerTableViewCell.swift */ = {isa = PBXFileReference; lastKnownFileType = sourcecode.swift; path = AddPlayerTableViewCell.swift; sourceTree = "<group>"; };
		0D70A981268F650000F82081 /* LeagueDetailsTableViewCell.swift */ = {isa = PBXFileReference; lastKnownFileType = sourcecode.swift; path = LeagueDetailsTableViewCell.swift; sourceTree = "<group>"; };
		0D70A983268F680700F82081 /* CreateTeamTableViewCell.swift */ = {isa = PBXFileReference; lastKnownFileType = sourcecode.swift; path = CreateTeamTableViewCell.swift; sourceTree = "<group>"; };
		0D94E17E2682336B005602ED /* TeamTableViewCell.swift */ = {isa = PBXFileReference; lastKnownFileType = sourcecode.swift; path = TeamTableViewCell.swift; sourceTree = "<group>"; };
		0D94E18026823841005602ED /* EventTableViewCell.swift */ = {isa = PBXFileReference; lastKnownFileType = sourcecode.swift; path = EventTableViewCell.swift; sourceTree = "<group>"; };
		0D94E18226823864005602ED /* CreateEventViewController.swift */ = {isa = PBXFileReference; lastKnownFileType = sourcecode.swift; path = CreateEventViewController.swift; sourceTree = "<group>"; };
		0D94E18426823DEB005602ED /* JoinTeamTableViewCell.swift */ = {isa = PBXFileReference; lastKnownFileType = sourcecode.swift; path = JoinTeamTableViewCell.swift; sourceTree = "<group>"; };
		0D94E18626823F8E005602ED /* TeamController.swift */ = {isa = PBXFileReference; lastKnownFileType = sourcecode.swift; path = TeamController.swift; sourceTree = "<group>"; };
		0D94E18826824018005602ED /* User.swift */ = {isa = PBXFileReference; lastKnownFileType = sourcecode.swift; path = User.swift; sourceTree = "<group>"; };
		0D94E18A26824025005602ED /* Team.swift */ = {isa = PBXFileReference; lastKnownFileType = sourcecode.swift; path = Team.swift; sourceTree = "<group>"; };
		0D94E18C2682402E005602ED /* Event.swift */ = {isa = PBXFileReference; lastKnownFileType = sourcecode.swift; path = Event.swift; sourceTree = "<group>"; };
		0D94E18E2682762B005602ED /* Strings.swift */ = {isa = PBXFileReference; lastKnownFileType = sourcecode.swift; path = Strings.swift; sourceTree = "<group>"; };
		0D94E19226827AE4005602ED /* UserController.swift */ = {isa = PBXFileReference; lastKnownFileType = sourcecode.swift; path = UserController.swift; sourceTree = "<group>"; };
		0D94E19426828E3C005602ED /* UserError.swift */ = {isa = PBXFileReference; lastKnownFileType = sourcecode.swift; path = UserError.swift; sourceTree = "<group>"; };
		0DC5EA8B269356EF000A7BAC /* UserManagementViewController.swift */ = {isa = PBXFileReference; lastKnownFileType = sourcecode.swift; path = UserManagementViewController.swift; sourceTree = "<group>"; };
		0DC5EA8D26935776000A7BAC /* EditContactsViewController.swift */ = {isa = PBXFileReference; lastKnownFileType = sourcecode.swift; path = EditContactsViewController.swift; sourceTree = "<group>"; };
		0DC5EA8F26935783000A7BAC /* AnnouncementsViewController.swift */ = {isa = PBXFileReference; lastKnownFileType = sourcecode.swift; path = AnnouncementsViewController.swift; sourceTree = "<group>"; };
		0DC5EA92269362B3000A7BAC /* UserTableViewCell.swift */ = {isa = PBXFileReference; lastKnownFileType = sourcecode.swift; path = UserTableViewCell.swift; sourceTree = "<group>"; };
		0DC5EA94269362C4000A7BAC /* EditContactTableViewCell.swift */ = {isa = PBXFileReference; lastKnownFileType = sourcecode.swift; path = EditContactTableViewCell.swift; sourceTree = "<group>"; };
		0DC5EA96269364FC000A7BAC /* EditAnnouncementTableViewCell.swift */ = {isa = PBXFileReference; lastKnownFileType = sourcecode.swift; path = EditAnnouncementTableViewCell.swift; sourceTree = "<group>"; };
		0DC5EA9826936EAB000A7BAC /* AddContactTableViewCell.swift */ = {isa = PBXFileReference; lastKnownFileType = sourcecode.swift; path = AddContactTableViewCell.swift; sourceTree = "<group>"; };
		0DC5EA9A26936FEB000A7BAC /* addAnnouncementTableViewCell.swift */ = {isa = PBXFileReference; lastKnownFileType = sourcecode.swift; path = addAnnouncementTableViewCell.swift; sourceTree = "<group>"; };
		79CF316C26864020005ECEC8 /* PhotoPickerViewController.swift */ = {isa = PBXFileReference; lastKnownFileType = sourcecode.swift; path = PhotoPickerViewController.swift; sourceTree = "<group>"; };
		79D8F97B268D19E500691F2B /* UserSettingsViewController.swift */ = {isa = PBXFileReference; lastKnownFileType = sourcecode.swift; path = UserSettingsViewController.swift; sourceTree = "<group>"; };
		AA5E560F2686670E00A8C3E7 /* SearchViewController.swift */ = {isa = PBXFileReference; lastKnownFileType = sourcecode.swift; path = SearchViewController.swift; sourceTree = "<group>"; };
		AA5E56112686671B00A8C3E7 /* SearchTableViewController.swift */ = {isa = PBXFileReference; lastKnownFileType = sourcecode.swift; path = SearchTableViewController.swift; sourceTree = "<group>"; };
		AA662E6826838F670061145E /* EventController.swift */ = {isa = PBXFileReference; lastKnownFileType = sourcecode.swift; path = EventController.swift; sourceTree = "<group>"; };
		AA662E6A2683DC930061145E /* DateFormatter.swift */ = {isa = PBXFileReference; lastKnownFileType = sourcecode.swift; path = DateFormatter.swift; sourceTree = "<group>"; };
		AC08306A268CE333001C7D67 /* RosterCellTableViewCell.swift */ = {isa = PBXFileReference; fileEncoding = 4; lastKnownFileType = sourcecode.swift; name = RosterCellTableViewCell.swift; path = "TeamyApp/Views/Custom Views/TeamVCCustomCells/RosterCellTableViewCell.swift"; sourceTree = SOURCE_ROOT; };
		AC08306B268CE333001C7D67 /* ContactCellTableViewCell.swift */ = {isa = PBXFileReference; fileEncoding = 4; lastKnownFileType = sourcecode.swift; name = ContactCellTableViewCell.swift; path = "TeamyApp/Views/Custom Views/TeamVCCustomCells/ContactCellTableViewCell.swift"; sourceTree = SOURCE_ROOT; };
		AC08306D268CE333001C7D67 /* AnnounceTableViewCell.swift */ = {isa = PBXFileReference; fileEncoding = 4; lastKnownFileType = sourcecode.swift; name = AnnounceTableViewCell.swift; path = "TeamyApp/Views/Custom Views/TeamVCCustomCells/AnnounceTableViewCell.swift"; sourceTree = SOURCE_ROOT; };
		AC08306E268CE333001C7D67 /* ManageTeamTableViewCell.swift */ = {isa = PBXFileReference; fileEncoding = 4; lastKnownFileType = sourcecode.swift; name = ManageTeamTableViewCell.swift; path = "TeamyApp/Views/Custom Views/TeamVCCustomCells/ManageTeamTableViewCell.swift"; sourceTree = SOURCE_ROOT; };
		AC083075268CE408001C7D67 /* AdminMembersTableViewCell.swift */ = {isa = PBXFileReference; fileEncoding = 4; lastKnownFileType = sourcecode.swift; name = AdminMembersTableViewCell.swift; path = "TeamyApp/Views/Custom Views/TeamManagerCustomCells/AdminMembersTableViewCell.swift"; sourceTree = SOURCE_ROOT; };
		AC083076268CE408001C7D67 /* TeamNameTableViewCell.swift */ = {isa = PBXFileReference; fileEncoding = 4; lastKnownFileType = sourcecode.swift; name = TeamNameTableViewCell.swift; path = "TeamyApp/Views/Custom Views/TeamManagerCustomCells/TeamNameTableViewCell.swift"; sourceTree = SOURCE_ROOT; };
		AC083077268CE408001C7D67 /* TeamMembersTableViewCell.swift */ = {isa = PBXFileReference; fileEncoding = 4; lastKnownFileType = sourcecode.swift; name = TeamMembersTableViewCell.swift; path = "TeamyApp/Views/Custom Views/TeamManagerCustomCells/TeamMembersTableViewCell.swift"; sourceTree = SOURCE_ROOT; };
		AC083078268CE408001C7D67 /* TeamBioTableViewCell.swift */ = {isa = PBXFileReference; fileEncoding = 4; lastKnownFileType = sourcecode.swift; name = TeamBioTableViewCell.swift; path = "TeamyApp/Views/Custom Views/TeamManagerCustomCells/TeamBioTableViewCell.swift"; sourceTree = SOURCE_ROOT; };
		AC083079268CE408001C7D67 /* TeamContactsTableViewCell.swift */ = {isa = PBXFileReference; fileEncoding = 4; lastKnownFileType = sourcecode.swift; name = TeamContactsTableViewCell.swift; path = "TeamyApp/Views/Custom Views/TeamManagerCustomCells/TeamContactsTableViewCell.swift"; sourceTree = SOURCE_ROOT; };
		AC08307A268CE408001C7D67 /* CoachsBioTableViewCell.xib */ = {isa = PBXFileReference; fileEncoding = 4; lastKnownFileType = file.xib; name = CoachsBioTableViewCell.xib; path = "TeamyApp/Views/Custom Views/TeamManagerCustomCells/CoachsBioTableViewCell.xib"; sourceTree = SOURCE_ROOT; };
		AC08307B268CE408001C7D67 /* TeamBioTableViewCell.xib */ = {isa = PBXFileReference; fileEncoding = 4; lastKnownFileType = file.xib; name = TeamBioTableViewCell.xib; path = "TeamyApp/Views/Custom Views/TeamManagerCustomCells/TeamBioTableViewCell.xib"; sourceTree = SOURCE_ROOT; };
		AC08307C268CE408001C7D67 /* TeamNameTableViewCell.xib */ = {isa = PBXFileReference; fileEncoding = 4; lastKnownFileType = file.xib; name = TeamNameTableViewCell.xib; path = "TeamyApp/Views/Custom Views/TeamManagerCustomCells/TeamNameTableViewCell.xib"; sourceTree = SOURCE_ROOT; };
		AC08307D268CE408001C7D67 /* CoachsBioTableViewCell.swift */ = {isa = PBXFileReference; fileEncoding = 4; lastKnownFileType = sourcecode.swift; name = CoachsBioTableViewCell.swift; path = "TeamyApp/Views/Custom Views/TeamManagerCustomCells/CoachsBioTableViewCell.swift"; sourceTree = SOURCE_ROOT; };
		AC08307E268CE408001C7D67 /* AdminMembersTableViewCell.xib */ = {isa = PBXFileReference; fileEncoding = 4; lastKnownFileType = file.xib; name = AdminMembersTableViewCell.xib; path = "TeamyApp/Views/Custom Views/TeamManagerCustomCells/AdminMembersTableViewCell.xib"; sourceTree = SOURCE_ROOT; };
		AC08307F268CE408001C7D67 /* TeamMembersTableViewCell.xib */ = {isa = PBXFileReference; fileEncoding = 4; lastKnownFileType = file.xib; name = TeamMembersTableViewCell.xib; path = "TeamyApp/Views/Custom Views/TeamManagerCustomCells/TeamMembersTableViewCell.xib"; sourceTree = SOURCE_ROOT; };
		AC083080268CE408001C7D67 /* TeamContactsTableViewCell.xib */ = {isa = PBXFileReference; fileEncoding = 4; lastKnownFileType = file.xib; name = TeamContactsTableViewCell.xib; path = "TeamyApp/Views/Custom Views/TeamManagerCustomCells/TeamContactsTableViewCell.xib"; sourceTree = SOURCE_ROOT; };
		AC083081268CE408001C7D67 /* TeamAnnouncementsTableViewCell.swift */ = {isa = PBXFileReference; fileEncoding = 4; lastKnownFileType = sourcecode.swift; name = TeamAnnouncementsTableViewCell.swift; path = "TeamyApp/Views/Custom Views/TeamManagerCustomCells/TeamAnnouncementsTableViewCell.swift"; sourceTree = SOURCE_ROOT; };
		AC083082268CE409001C7D67 /* TeamAnnouncementsTableViewCell.xib */ = {isa = PBXFileReference; fileEncoding = 4; lastKnownFileType = file.xib; name = TeamAnnouncementsTableViewCell.xib; path = "TeamyApp/Views/Custom Views/TeamManagerCustomCells/TeamAnnouncementsTableViewCell.xib"; sourceTree = SOURCE_ROOT; };
		AC239762268A42E00099E075 /* UIColorConverter.swift */ = {isa = PBXFileReference; lastKnownFileType = sourcecode.swift; path = UIColorConverter.swift; sourceTree = "<group>"; };
		ACC26F6B268FAE33000581B4 /* EditTeamColorTableViewCell.swift */ = {isa = PBXFileReference; lastKnownFileType = sourcecode.swift; path = EditTeamColorTableViewCell.swift; sourceTree = "<group>"; };
		ACC9759326810FBA000C3593 /* TeamyApp.app */ = {isa = PBXFileReference; explicitFileType = wrapper.application; includeInIndex = 0; path = TeamyApp.app; sourceTree = BUILT_PRODUCTS_DIR; };
		ACC9759626810FBA000C3593 /* AppDelegate.swift */ = {isa = PBXFileReference; lastKnownFileType = sourcecode.swift; path = AppDelegate.swift; sourceTree = "<group>"; };
		ACC9759826810FBA000C3593 /* SceneDelegate.swift */ = {isa = PBXFileReference; lastKnownFileType = sourcecode.swift; path = SceneDelegate.swift; sourceTree = "<group>"; };
		ACC9759D26810FBA000C3593 /* Base */ = {isa = PBXFileReference; lastKnownFileType = file.storyboard; name = Base; path = Base.lproj/Main.storyboard; sourceTree = "<group>"; };
		ACC9759F26810FBC000C3593 /* Assets.xcassets */ = {isa = PBXFileReference; lastKnownFileType = folder.assetcatalog; path = Assets.xcassets; sourceTree = "<group>"; };
		ACC975A226810FBC000C3593 /* Base */ = {isa = PBXFileReference; lastKnownFileType = file.storyboard; name = Base; path = Base.lproj/LaunchScreen.storyboard; sourceTree = "<group>"; };
		ACC975A426810FBC000C3593 /* Info.plist */ = {isa = PBXFileReference; lastKnownFileType = text.plist.xml; path = Info.plist; sourceTree = "<group>"; };
		ACC975AC26811157000C3593 /* HelpersPlaceholders.swift */ = {isa = PBXFileReference; lastKnownFileType = sourcecode.swift; path = HelpersPlaceholders.swift; sourceTree = "<group>"; };
		ACC975B326811271000C3593 /* ModelControllersPlaceholder.swift */ = {isa = PBXFileReference; lastKnownFileType = sourcecode.swift; path = ModelControllersPlaceholder.swift; sourceTree = "<group>"; };
		ACC975B826811389000C3593 /* CustomViewsPlaceholder.swift */ = {isa = PBXFileReference; lastKnownFileType = sourcecode.swift; path = CustomViewsPlaceholder.swift; sourceTree = "<group>"; };
		ACC975BD26811868000C3593 /* GoogleService-Info.plist */ = {isa = PBXFileReference; fileEncoding = 4; lastKnownFileType = text.plist.xml; path = "GoogleService-Info.plist"; sourceTree = "<group>"; };
		ACFDD5312684DFB300640C0B /* ManageTeamTableViewController.swift */ = {isa = PBXFileReference; lastKnownFileType = sourcecode.swift; path = ManageTeamTableViewController.swift; sourceTree = "<group>"; };
		BAB8089433EFD9BD3ACCEF72 /* Pods_TeamyApp.framework */ = {isa = PBXFileReference; explicitFileType = wrapper.framework; includeInIndex = 0; path = Pods_TeamyApp.framework; sourceTree = BUILT_PRODUCTS_DIR; };
		E8E167EFB8E59B7A64DB2BAB /* Pods-TeamyApp.debug.xcconfig */ = {isa = PBXFileReference; includeInIndex = 1; lastKnownFileType = text.xcconfig; name = "Pods-TeamyApp.debug.xcconfig"; path = "Target Support Files/Pods-TeamyApp/Pods-TeamyApp.debug.xcconfig"; sourceTree = "<group>"; };
/* End PBXFileReference section */

/* Begin PBXFrameworksBuildPhase section */
		ACC9759026810FBA000C3593 /* Frameworks */ = {
			isa = PBXFrameworksBuildPhase;
			buildActionMask = 2147483647;
			files = (
				344A556C1CC49A28C2069EF5 /* Pods_TeamyApp.framework in Frameworks */,
			);
			runOnlyForDeploymentPostprocessing = 0;
		};
/* End PBXFrameworksBuildPhase section */

/* Begin PBXGroup section */
		0B68E5F2FFA20727508CAE29 /* Frameworks */ = {
			isa = PBXGroup;
			children = (
				BAB8089433EFD9BD3ACCEF72 /* Pods_TeamyApp.framework */,
			);
			name = Frameworks;
			sourceTree = "<group>";
		};
		0D02DD5026854AF40039EC0B /* TeamNestedModelControllers */ = {
			isa = PBXGroup;
			children = (
				0D02DD5126854B340039EC0B /* ContactController.swift */,
				0D02DD5326854B450039EC0B /* AnnouncementController.swift */,
				0D02DD5526854B540039EC0B /* PlayerController.swift */,
			);
			path = TeamNestedModelControllers;
			sourceTree = "<group>";
		};
		0D10323B26814CAE00136C9A /* AuthViewControllers */ = {
			isa = PBXGroup;
			children = (
				0D10323926814C9800136C9A /* AuthViewController.swift */,
				0D10323C26814CC500136C9A /* LoginViewController.swift */,
				0D10323E26814CD300136C9A /* SignUpViewController.swift */,
				79CF316C26864020005ECEC8 /* PhotoPickerViewController.swift */,
			);
			path = AuthViewControllers;
			sourceTree = "<group>";
		};
		0D54C574268BD40400934307 /* TeamVCCustomCells */ = {
			isa = PBXGroup;
			children = (
				AC08306D268CE333001C7D67 /* AnnounceTableViewCell.swift */,
				AC08306B268CE333001C7D67 /* ContactCellTableViewCell.swift */,
				AC08306E268CE333001C7D67 /* ManageTeamTableViewCell.swift */,
				AC08306A268CE333001C7D67 /* RosterCellTableViewCell.swift */,
				0D70A97D268F643500F82081 /* AddEventTableViewCell.swift */,
				0D70A981268F650000F82081 /* LeagueDetailsTableViewCell.swift */,
			);
			path = TeamVCCustomCells;
			sourceTree = "<group>";
		};
		0D594788268AB4AF00A9DA0F /* TeamDetailViewControllers */ = {
			isa = PBXGroup;
			children = (
				ACFDD5312684DFB300640C0B /* ManageTeamTableViewController.swift */,
				0D594789268AB76000A9DA0F /* RosterViewController.swift */,
				0D59478B268AB7FA00A9DA0F /* EventDetailViewController.swift */,
				0D3A504F2695366000C1FA6C /* ModalContactViewController.swift */,
			);
			path = TeamDetailViewControllers;
			sourceTree = "<group>";
		};
		0D94E17D26823323005602ED /* Custom Cells */ = {
			isa = PBXGroup;
			children = (
				0D94E17E2682336B005602ED /* TeamTableViewCell.swift */,
				0D94E18026823841005602ED /* EventTableViewCell.swift */,
				0D94E18426823DEB005602ED /* JoinTeamTableViewCell.swift */,
				0D54C575268BD68400934307 /* PlayerTableViewCell.swift */,
				0D70A97F268F646900F82081 /* AddPlayerTableViewCell.swift */,
				0D70A983268F680700F82081 /* CreateTeamTableViewCell.swift */,
				ACC26F6B268FAE33000581B4 /* EditTeamColorTableViewCell.swift */,
			);
			path = "Custom Cells";
			sourceTree = "<group>";
		};
		0DC5EA8A2693569B000A7BAC /* AdminViewControllers */ = {
			isa = PBXGroup;
			children = (
				0DC5EA8B269356EF000A7BAC /* UserManagementViewController.swift */,
				0DC5EA8D26935776000A7BAC /* EditContactsViewController.swift */,
				0DC5EA8F26935783000A7BAC /* AnnouncementsViewController.swift */,
			);
			path = AdminViewControllers;
			sourceTree = "<group>";
		};
		0DC5EA912693625F000A7BAC /* AdminCustomCells */ = {
			isa = PBXGroup;
			children = (
				0DC5EA92269362B3000A7BAC /* UserTableViewCell.swift */,
				0DC5EA94269362C4000A7BAC /* EditContactTableViewCell.swift */,
				0DC5EA96269364FC000A7BAC /* EditAnnouncementTableViewCell.swift */,
				0DC5EA9826936EAB000A7BAC /* AddContactTableViewCell.swift */,
				0DC5EA9A26936FEB000A7BAC /* addAnnouncementTableViewCell.swift */,
			);
			path = AdminCustomCells;
			sourceTree = "<group>";
		};
		96C73D3C21842E8445D2D00C /* Pods */ = {
			isa = PBXGroup;
			children = (
				E8E167EFB8E59B7A64DB2BAB /* Pods-TeamyApp.debug.xcconfig */,
				050254EA7E9DD309E2BDAAFE /* Pods-TeamyApp.release.xcconfig */,
			);
			path = Pods;
			sourceTree = "<group>";
		};
		AA5E560E268666C600A8C3E7 /* MapViewControllers */ = {
			isa = PBXGroup;
			children = (
				AA5E560F2686670E00A8C3E7 /* SearchViewController.swift */,
				AA5E56112686671B00A8C3E7 /* SearchTableViewController.swift */,
			);
			path = MapViewControllers;
			sourceTree = "<group>";
		};
		AC083074268CE367001C7D67 /* TMCustomCells */ = {
			isa = PBXGroup;
			children = (
				AC083075268CE408001C7D67 /* AdminMembersTableViewCell.swift */,
				AC08307E268CE408001C7D67 /* AdminMembersTableViewCell.xib */,
				AC08307D268CE408001C7D67 /* CoachsBioTableViewCell.swift */,
				AC08307A268CE408001C7D67 /* CoachsBioTableViewCell.xib */,
				AC083081268CE408001C7D67 /* TeamAnnouncementsTableViewCell.swift */,
				AC083082268CE409001C7D67 /* TeamAnnouncementsTableViewCell.xib */,
				AC083078268CE408001C7D67 /* TeamBioTableViewCell.swift */,
				AC08307B268CE408001C7D67 /* TeamBioTableViewCell.xib */,
				AC083079268CE408001C7D67 /* TeamContactsTableViewCell.swift */,
				AC083080268CE408001C7D67 /* TeamContactsTableViewCell.xib */,
				AC083077268CE408001C7D67 /* TeamMembersTableViewCell.swift */,
				AC08307F268CE408001C7D67 /* TeamMembersTableViewCell.xib */,
				AC083076268CE408001C7D67 /* TeamNameTableViewCell.swift */,
				AC08307C268CE408001C7D67 /* TeamNameTableViewCell.xib */,
			);
			path = TMCustomCells;
			sourceTree = "<group>";
		};
		ACC9758A26810FBA000C3593 = {
			isa = PBXGroup;
			children = (
				ACC9759526810FBA000C3593 /* TeamyApp */,
				ACC9759426810FBA000C3593 /* Products */,
				96C73D3C21842E8445D2D00C /* Pods */,
				0B68E5F2FFA20727508CAE29 /* Frameworks */,
			);
			sourceTree = "<group>";
		};
		ACC9759426810FBA000C3593 /* Products */ = {
			isa = PBXGroup;
			children = (
				ACC9759326810FBA000C3593 /* TeamyApp.app */,
			);
			name = Products;
			sourceTree = "<group>";
		};
		ACC9759526810FBA000C3593 /* TeamyApp */ = {
			isa = PBXGroup;
			children = (
				ACC975BA268113BF000C3593 /* Models */,
				ACC975B5268112FC000C3593 /* Views */,
				ACC975AE26811178000C3593 /* Controllers */,
				ACC975AB26811137000C3593 /* Helpers and Extensions */,
				ACC975AA26810FD3000C3593 /* Resources */,
			);
			path = TeamyApp;
			sourceTree = "<group>";
		};
		ACC975AA26810FD3000C3593 /* Resources */ = {
			isa = PBXGroup;
			children = (
				ACC9759626810FBA000C3593 /* AppDelegate.swift */,
				ACC9759826810FBA000C3593 /* SceneDelegate.swift */,
				ACC9759F26810FBC000C3593 /* Assets.xcassets */,
				ACC975A426810FBC000C3593 /* Info.plist */,
				ACC975BD26811868000C3593 /* GoogleService-Info.plist */,
				0D94E18E2682762B005602ED /* Strings.swift */,
			);
			path = Resources;
			sourceTree = "<group>";
		};
		ACC975AB26811137000C3593 /* Helpers and Extensions */ = {
			isa = PBXGroup;
			children = (
				ACC975AC26811157000C3593 /* HelpersPlaceholders.swift */,
				0D94E19426828E3C005602ED /* UserError.swift */,
				AA662E6A2683DC930061145E /* DateFormatter.swift */,
				0D02DD4E2685435A0039EC0B /* TeamError.swift */,
				AC239762268A42E00099E075 /* UIColorConverter.swift */,
			);
			path = "Helpers and Extensions";
			sourceTree = "<group>";
		};
		ACC975AE26811178000C3593 /* Controllers */ = {
			isa = PBXGroup;
			children = (
				ACC975B226811223000C3593 /* Model Controllers */,
				ACC975AF26811184000C3593 /* View Controllers */,
			);
			path = Controllers;
			sourceTree = "<group>";
		};
		ACC975AF26811184000C3593 /* View Controllers */ = {
			isa = PBXGroup;
			children = (
				0DC5EA8A2693569B000A7BAC /* AdminViewControllers */,
				0D594788268AB4AF00A9DA0F /* TeamDetailViewControllers */,
				AA5E560E268666C600A8C3E7 /* MapViewControllers */,
				0D10323B26814CAE00136C9A /* AuthViewControllers */,
				0D10324026814FF600136C9A /* TeamViewController.swift */,
				0D1032442681502200136C9A /* JoinTeamViewController.swift */,
				0D1032462681504100136C9A /* CreateNewTeamViewController.swift */,
				0D1032482681515100136C9A /* HomeViewController.swift */,
				0D94E18226823864005602ED /* CreateEventViewController.swift */,
				79D8F97B268D19E500691F2B /* UserSettingsViewController.swift */,
				0D70A97B268E7FB200F82081 /* CodeModalViewController.swift */,
			);
			path = "View Controllers";
			sourceTree = "<group>";
		};
		ACC975B226811223000C3593 /* Model Controllers */ = {
			isa = PBXGroup;
			children = (
				0D02DD5026854AF40039EC0B /* TeamNestedModelControllers */,
				ACC975B326811271000C3593 /* ModelControllersPlaceholder.swift */,
				0D94E18626823F8E005602ED /* TeamController.swift */,
				0D94E19226827AE4005602ED /* UserController.swift */,
				AA662E6826838F670061145E /* EventController.swift */,
			);
			path = "Model Controllers";
			sourceTree = "<group>";
		};
		ACC975B5268112FC000C3593 /* Views */ = {
			isa = PBXGroup;
			children = (
				ACC975B726811332000C3593 /* Custom Views */,
				ACC975B626811315000C3593 /* Storyboards */,
			);
			path = Views;
			sourceTree = "<group>";
		};
		ACC975B626811315000C3593 /* Storyboards */ = {
			isa = PBXGroup;
			children = (
				ACC9759C26810FBA000C3593 /* Main.storyboard */,
				ACC975A126810FBC000C3593 /* LaunchScreen.storyboard */,
			);
			path = Storyboards;
			sourceTree = "<group>";
		};
		ACC975B726811332000C3593 /* Custom Views */ = {
			isa = PBXGroup;
			children = (
				0DC5EA912693625F000A7BAC /* AdminCustomCells */,
				AC083074268CE367001C7D67 /* TMCustomCells */,
				0D54C574268BD40400934307 /* TeamVCCustomCells */,
				0D94E17D26823323005602ED /* Custom Cells */,
				ACC975B826811389000C3593 /* CustomViewsPlaceholder.swift */,
			);
			path = "Custom Views";
			sourceTree = "<group>";
		};
		ACC975BA268113BF000C3593 /* Models */ = {
			isa = PBXGroup;
			children = (
				0D94E18826824018005602ED /* User.swift */,
				0D94E18A26824025005602ED /* Team.swift */,
				0D94E18C2682402E005602ED /* Event.swift */,
				0D02DD4826853DBF0039EC0B /* Contact.swift */,
				0D02DD4A26853E6A0039EC0B /* Announcement.swift */,
				0D02DD4C26853E780039EC0B /* Player.swift */,
			);
			path = Models;
			sourceTree = "<group>";
		};
/* End PBXGroup section */

/* Begin PBXNativeTarget section */
		ACC9759226810FBA000C3593 /* TeamyApp */ = {
			isa = PBXNativeTarget;
			buildConfigurationList = ACC975A726810FBC000C3593 /* Build configuration list for PBXNativeTarget "TeamyApp" */;
			buildPhases = (
				5A612CE38E92577BD44B0051 /* [CP] Check Pods Manifest.lock */,
				ACC9758F26810FBA000C3593 /* Sources */,
				ACC9759026810FBA000C3593 /* Frameworks */,
				ACC9759126810FBA000C3593 /* Resources */,
				CA9E5CBFF16AC53E8C9FC598 /* [CP] Embed Pods Frameworks */,
			);
			buildRules = (
			);
			dependencies = (
			);
			name = TeamyApp;
			productName = TeamyApp;
			productReference = ACC9759326810FBA000C3593 /* TeamyApp.app */;
			productType = "com.apple.product-type.application";
		};
/* End PBXNativeTarget section */

/* Begin PBXProject section */
		ACC9758B26810FBA000C3593 /* Project object */ = {
			isa = PBXProject;
			attributes = {
				LastSwiftUpdateCheck = 1250;
				LastUpgradeCheck = 1250;
				TargetAttributes = {
					ACC9759226810FBA000C3593 = {
						CreatedOnToolsVersion = 12.5;
					};
				};
			};
			buildConfigurationList = ACC9758E26810FBA000C3593 /* Build configuration list for PBXProject "TeamyApp" */;
			compatibilityVersion = "Xcode 9.3";
			developmentRegion = en;
			hasScannedForEncodings = 0;
			knownRegions = (
				en,
				Base,
			);
			mainGroup = ACC9758A26810FBA000C3593;
			productRefGroup = ACC9759426810FBA000C3593 /* Products */;
			projectDirPath = "";
			projectRoot = "";
			targets = (
				ACC9759226810FBA000C3593 /* TeamyApp */,
			);
		};
/* End PBXProject section */

/* Begin PBXResourcesBuildPhase section */
		ACC9759126810FBA000C3593 /* Resources */ = {
			isa = PBXResourcesBuildPhase;
			buildActionMask = 2147483647;
			files = (
				AC08308C268CE409001C7D67 /* TeamNameTableViewCell.xib in Resources */,
				AC083092268CE409001C7D67 /* TeamAnnouncementsTableViewCell.xib in Resources */,
				AC08308F268CE409001C7D67 /* TeamMembersTableViewCell.xib in Resources */,
				AC08308A268CE409001C7D67 /* CoachsBioTableViewCell.xib in Resources */,
				AC083090268CE409001C7D67 /* TeamContactsTableViewCell.xib in Resources */,
				ACC975A326810FBC000C3593 /* LaunchScreen.storyboard in Resources */,
				ACC975A026810FBC000C3593 /* Assets.xcassets in Resources */,
				ACC975BE26811868000C3593 /* GoogleService-Info.plist in Resources */,
				AC08308E268CE409001C7D67 /* AdminMembersTableViewCell.xib in Resources */,
				ACC9759E26810FBA000C3593 /* Main.storyboard in Resources */,
				AC08308B268CE409001C7D67 /* TeamBioTableViewCell.xib in Resources */,
			);
			runOnlyForDeploymentPostprocessing = 0;
		};
/* End PBXResourcesBuildPhase section */

/* Begin PBXShellScriptBuildPhase section */
		5A612CE38E92577BD44B0051 /* [CP] Check Pods Manifest.lock */ = {
			isa = PBXShellScriptBuildPhase;
			buildActionMask = 2147483647;
			files = (
			);
			inputFileListPaths = (
			);
			inputPaths = (
				"${PODS_PODFILE_DIR_PATH}/Podfile.lock",
				"${PODS_ROOT}/Manifest.lock",
			);
			name = "[CP] Check Pods Manifest.lock";
			outputFileListPaths = (
			);
			outputPaths = (
				"$(DERIVED_FILE_DIR)/Pods-TeamyApp-checkManifestLockResult.txt",
			);
			runOnlyForDeploymentPostprocessing = 0;
			shellPath = /bin/sh;
			shellScript = "diff \"${PODS_PODFILE_DIR_PATH}/Podfile.lock\" \"${PODS_ROOT}/Manifest.lock\" > /dev/null\nif [ $? != 0 ] ; then\n    # print error to STDERR\n    echo \"error: The sandbox is not in sync with the Podfile.lock. Run 'pod install' or update your CocoaPods installation.\" >&2\n    exit 1\nfi\n# This output is used by Xcode 'outputs' to avoid re-running this script phase.\necho \"SUCCESS\" > \"${SCRIPT_OUTPUT_FILE_0}\"\n";
			showEnvVarsInLog = 0;
		};
		CA9E5CBFF16AC53E8C9FC598 /* [CP] Embed Pods Frameworks */ = {
			isa = PBXShellScriptBuildPhase;
			buildActionMask = 2147483647;
			files = (
			);
			inputFileListPaths = (
				"${PODS_ROOT}/Target Support Files/Pods-TeamyApp/Pods-TeamyApp-frameworks-${CONFIGURATION}-input-files.xcfilelist",
			);
			name = "[CP] Embed Pods Frameworks";
			outputFileListPaths = (
				"${PODS_ROOT}/Target Support Files/Pods-TeamyApp/Pods-TeamyApp-frameworks-${CONFIGURATION}-output-files.xcfilelist",
			);
			runOnlyForDeploymentPostprocessing = 0;
			shellPath = /bin/sh;
			shellScript = "\"${PODS_ROOT}/Target Support Files/Pods-TeamyApp/Pods-TeamyApp-frameworks.sh\"\n";
			showEnvVarsInLog = 0;
		};
/* End PBXShellScriptBuildPhase section */

/* Begin PBXSourcesBuildPhase section */
		ACC9758F26810FBA000C3593 /* Sources */ = {
			isa = PBXSourcesBuildPhase;
			buildActionMask = 2147483647;
			files = (
				AA662E6B2683DC930061145E /* DateFormatter.swift in Sources */,
				ACC975B926811389000C3593 /* CustomViewsPlaceholder.swift in Sources */,
				AC239763268A42E00099E075 /* UIColorConverter.swift in Sources */,
				ACC975AD26811157000C3593 /* HelpersPlaceholders.swift in Sources */,
				0DC5EA8E26935776000A7BAC /* EditContactsViewController.swift in Sources */,
				0D1032452681502200136C9A /* JoinTeamViewController.swift in Sources */,
				ACC9759726810FBA000C3593 /* AppDelegate.swift in Sources */,
				79D8F97C268D19E500691F2B /* UserSettingsViewController.swift in Sources */,
				AC083073268CE333001C7D67 /* ManageTeamTableViewCell.swift in Sources */,
				AA662E6926838F670061145E /* EventController.swift in Sources */,
				0D02DD5426854B450039EC0B /* AnnouncementController.swift in Sources */,
				AC083086268CE409001C7D67 /* TeamNameTableViewCell.swift in Sources */,
				0D10323A26814C9800136C9A /* AuthViewController.swift in Sources */,
				0D10323D26814CC500136C9A /* LoginViewController.swift in Sources */,
				0DC5EA95269362C4000A7BAC /* EditContactTableViewCell.swift in Sources */,
				0D02DD5226854B340039EC0B /* ContactController.swift in Sources */,
				0D02DD4926853DBF0039EC0B /* Contact.swift in Sources */,
				0D94E18726823F8E005602ED /* TeamController.swift in Sources */,
				ACC9759926810FBA000C3593 /* SceneDelegate.swift in Sources */,
				AA5E56122686671B00A8C3E7 /* SearchTableViewController.swift in Sources */,
				0D94E18B26824025005602ED /* Team.swift in Sources */,
				AC083070268CE333001C7D67 /* ContactCellTableViewCell.swift in Sources */,
				AA5E56102686670E00A8C3E7 /* SearchViewController.swift in Sources */,
				0D02DD4D26853E780039EC0B /* Player.swift in Sources */,
				AC08308D268CE409001C7D67 /* CoachsBioTableViewCell.swift in Sources */,
				0D59478C268AB7FA00A9DA0F /* EventDetailViewController.swift in Sources */,
				0D10323F26814CD300136C9A /* SignUpViewController.swift in Sources */,
				79CF316D26864020005ECEC8 /* PhotoPickerViewController.swift in Sources */,
				0D1032472681504100136C9A /* CreateNewTeamViewController.swift in Sources */,
				0D70A97E268F643500F82081 /* AddEventTableViewCell.swift in Sources */,
				0D02DD5626854B540039EC0B /* PlayerController.swift in Sources */,
				0D94E18D2682402E005602ED /* Event.swift in Sources */,
				0D94E19526828E3C005602ED /* UserError.swift in Sources */,
				0D94E18526823DEB005602ED /* JoinTeamTableViewCell.swift in Sources */,
				0DC5EA97269364FC000A7BAC /* EditAnnouncementTableViewCell.swift in Sources */,
				0D02DD4B26853E6A0039EC0B /* Announcement.swift in Sources */,
				0DC5EA9926936EAB000A7BAC /* AddContactTableViewCell.swift in Sources */,
				0D70A980268F646900F82081 /* AddPlayerTableViewCell.swift in Sources */,
				AC083072268CE333001C7D67 /* AnnounceTableViewCell.swift in Sources */,
				AC083088268CE409001C7D67 /* TeamBioTableViewCell.swift in Sources */,
				0D3A50502695366000C1FA6C /* ModalContactViewController.swift in Sources */,
				0DC5EA93269362B3000A7BAC /* UserTableViewCell.swift in Sources */,
				ACC975B426811271000C3593 /* ModelControllersPlaceholder.swift in Sources */,
				0D59478A268AB76000A9DA0F /* RosterViewController.swift in Sources */,
				0DC5EA9B26936FEB000A7BAC /* addAnnouncementTableViewCell.swift in Sources */,
				0D94E18126823841005602ED /* EventTableViewCell.swift in Sources */,
				0D94E17F2682336B005602ED /* TeamTableViewCell.swift in Sources */,
				AC083091268CE409001C7D67 /* TeamAnnouncementsTableViewCell.swift in Sources */,
				AC083087268CE409001C7D67 /* TeamMembersTableViewCell.swift in Sources */,
				0D1032492681515100136C9A /* HomeViewController.swift in Sources */,
				ACC26F6C268FAE33000581B4 /* EditTeamColorTableViewCell.swift in Sources */,
				ACFDD5322684DFB300640C0B /* ManageTeamTableViewController.swift in Sources */,
				0D94E19326827AE4005602ED /* UserController.swift in Sources */,
				0D10324126814FF600136C9A /* TeamViewController.swift in Sources */,
				AC083085268CE409001C7D67 /* AdminMembersTableViewCell.swift in Sources */,
				AC08306F268CE333001C7D67 /* RosterCellTableViewCell.swift in Sources */,
				0D70A984268F680700F82081 /* CreateTeamTableViewCell.swift in Sources */,
				0D54C576268BD68400934307 /* PlayerTableViewCell.swift in Sources */,
				0D02DD4F2685435A0039EC0B /* TeamError.swift in Sources */,
				0DC5EA8C269356EF000A7BAC /* UserManagementViewController.swift in Sources */,
				0DC5EA9026935783000A7BAC /* AnnouncementsViewController.swift in Sources */,
				AC083089268CE409001C7D67 /* TeamContactsTableViewCell.swift in Sources */,
				0D94E18326823864005602ED /* CreateEventViewController.swift in Sources */,
				0D70A982268F650000F82081 /* LeagueDetailsTableViewCell.swift in Sources */,
				0D94E18926824018005602ED /* User.swift in Sources */,
				0D94E18F2682762B005602ED /* Strings.swift in Sources */,
				0D70A97C268E7FB200F82081 /* CodeModalViewController.swift in Sources */,
			);
			runOnlyForDeploymentPostprocessing = 0;
		};
/* End PBXSourcesBuildPhase section */

/* Begin PBXVariantGroup section */
		ACC9759C26810FBA000C3593 /* Main.storyboard */ = {
			isa = PBXVariantGroup;
			children = (
				ACC9759D26810FBA000C3593 /* Base */,
			);
			name = Main.storyboard;
			sourceTree = "<group>";
		};
		ACC975A126810FBC000C3593 /* LaunchScreen.storyboard */ = {
			isa = PBXVariantGroup;
			children = (
				ACC975A226810FBC000C3593 /* Base */,
			);
			name = LaunchScreen.storyboard;
			sourceTree = "<group>";
		};
/* End PBXVariantGroup section */

/* Begin XCBuildConfiguration section */
		ACC975A526810FBC000C3593 /* Debug */ = {
			isa = XCBuildConfiguration;
			buildSettings = {
				ALWAYS_SEARCH_USER_PATHS = NO;
				CLANG_ANALYZER_NONNULL = YES;
				CLANG_ANALYZER_NUMBER_OBJECT_CONVERSION = YES_AGGRESSIVE;
				CLANG_CXX_LANGUAGE_STANDARD = "gnu++14";
				CLANG_CXX_LIBRARY = "libc++";
				CLANG_ENABLE_MODULES = YES;
				CLANG_ENABLE_OBJC_ARC = YES;
				CLANG_ENABLE_OBJC_WEAK = YES;
				CLANG_WARN_BLOCK_CAPTURE_AUTORELEASING = YES;
				CLANG_WARN_BOOL_CONVERSION = YES;
				CLANG_WARN_COMMA = YES;
				CLANG_WARN_CONSTANT_CONVERSION = YES;
				CLANG_WARN_DEPRECATED_OBJC_IMPLEMENTATIONS = YES;
				CLANG_WARN_DIRECT_OBJC_ISA_USAGE = YES_ERROR;
				CLANG_WARN_DOCUMENTATION_COMMENTS = YES;
				CLANG_WARN_EMPTY_BODY = YES;
				CLANG_WARN_ENUM_CONVERSION = YES;
				CLANG_WARN_INFINITE_RECURSION = YES;
				CLANG_WARN_INT_CONVERSION = YES;
				CLANG_WARN_NON_LITERAL_NULL_CONVERSION = YES;
				CLANG_WARN_OBJC_IMPLICIT_RETAIN_SELF = YES;
				CLANG_WARN_OBJC_LITERAL_CONVERSION = YES;
				CLANG_WARN_OBJC_ROOT_CLASS = YES_ERROR;
				CLANG_WARN_QUOTED_INCLUDE_IN_FRAMEWORK_HEADER = YES;
				CLANG_WARN_RANGE_LOOP_ANALYSIS = YES;
				CLANG_WARN_STRICT_PROTOTYPES = YES;
				CLANG_WARN_SUSPICIOUS_MOVE = YES;
				CLANG_WARN_UNGUARDED_AVAILABILITY = YES_AGGRESSIVE;
				CLANG_WARN_UNREACHABLE_CODE = YES;
				CLANG_WARN__DUPLICATE_METHOD_MATCH = YES;
				COPY_PHASE_STRIP = NO;
				DEBUG_INFORMATION_FORMAT = dwarf;
				ENABLE_STRICT_OBJC_MSGSEND = YES;
				ENABLE_TESTABILITY = YES;
				GCC_C_LANGUAGE_STANDARD = gnu11;
				GCC_DYNAMIC_NO_PIC = NO;
				GCC_NO_COMMON_BLOCKS = YES;
				GCC_OPTIMIZATION_LEVEL = 0;
				GCC_PREPROCESSOR_DEFINITIONS = (
					"DEBUG=1",
					"$(inherited)",
				);
				GCC_WARN_64_TO_32_BIT_CONVERSION = YES;
				GCC_WARN_ABOUT_RETURN_TYPE = YES_ERROR;
				GCC_WARN_UNDECLARED_SELECTOR = YES;
				GCC_WARN_UNINITIALIZED_AUTOS = YES_AGGRESSIVE;
				GCC_WARN_UNUSED_FUNCTION = YES;
				GCC_WARN_UNUSED_VARIABLE = YES;
				IPHONEOS_DEPLOYMENT_TARGET = 14.5;
				MTL_ENABLE_DEBUG_INFO = INCLUDE_SOURCE;
				MTL_FAST_MATH = YES;
				ONLY_ACTIVE_ARCH = YES;
				SDKROOT = iphoneos;
				SWIFT_ACTIVE_COMPILATION_CONDITIONS = DEBUG;
				SWIFT_OPTIMIZATION_LEVEL = "-Onone";
			};
			name = Debug;
		};
		ACC975A626810FBC000C3593 /* Release */ = {
			isa = XCBuildConfiguration;
			buildSettings = {
				ALWAYS_SEARCH_USER_PATHS = NO;
				CLANG_ANALYZER_NONNULL = YES;
				CLANG_ANALYZER_NUMBER_OBJECT_CONVERSION = YES_AGGRESSIVE;
				CLANG_CXX_LANGUAGE_STANDARD = "gnu++14";
				CLANG_CXX_LIBRARY = "libc++";
				CLANG_ENABLE_MODULES = YES;
				CLANG_ENABLE_OBJC_ARC = YES;
				CLANG_ENABLE_OBJC_WEAK = YES;
				CLANG_WARN_BLOCK_CAPTURE_AUTORELEASING = YES;
				CLANG_WARN_BOOL_CONVERSION = YES;
				CLANG_WARN_COMMA = YES;
				CLANG_WARN_CONSTANT_CONVERSION = YES;
				CLANG_WARN_DEPRECATED_OBJC_IMPLEMENTATIONS = YES;
				CLANG_WARN_DIRECT_OBJC_ISA_USAGE = YES_ERROR;
				CLANG_WARN_DOCUMENTATION_COMMENTS = YES;
				CLANG_WARN_EMPTY_BODY = YES;
				CLANG_WARN_ENUM_CONVERSION = YES;
				CLANG_WARN_INFINITE_RECURSION = YES;
				CLANG_WARN_INT_CONVERSION = YES;
				CLANG_WARN_NON_LITERAL_NULL_CONVERSION = YES;
				CLANG_WARN_OBJC_IMPLICIT_RETAIN_SELF = YES;
				CLANG_WARN_OBJC_LITERAL_CONVERSION = YES;
				CLANG_WARN_OBJC_ROOT_CLASS = YES_ERROR;
				CLANG_WARN_QUOTED_INCLUDE_IN_FRAMEWORK_HEADER = YES;
				CLANG_WARN_RANGE_LOOP_ANALYSIS = YES;
				CLANG_WARN_STRICT_PROTOTYPES = YES;
				CLANG_WARN_SUSPICIOUS_MOVE = YES;
				CLANG_WARN_UNGUARDED_AVAILABILITY = YES_AGGRESSIVE;
				CLANG_WARN_UNREACHABLE_CODE = YES;
				CLANG_WARN__DUPLICATE_METHOD_MATCH = YES;
				COPY_PHASE_STRIP = NO;
				DEBUG_INFORMATION_FORMAT = "dwarf-with-dsym";
				ENABLE_NS_ASSERTIONS = NO;
				ENABLE_STRICT_OBJC_MSGSEND = YES;
				GCC_C_LANGUAGE_STANDARD = gnu11;
				GCC_NO_COMMON_BLOCKS = YES;
				GCC_WARN_64_TO_32_BIT_CONVERSION = YES;
				GCC_WARN_ABOUT_RETURN_TYPE = YES_ERROR;
				GCC_WARN_UNDECLARED_SELECTOR = YES;
				GCC_WARN_UNINITIALIZED_AUTOS = YES_AGGRESSIVE;
				GCC_WARN_UNUSED_FUNCTION = YES;
				GCC_WARN_UNUSED_VARIABLE = YES;
				IPHONEOS_DEPLOYMENT_TARGET = 14.5;
				MTL_ENABLE_DEBUG_INFO = NO;
				MTL_FAST_MATH = YES;
				SDKROOT = iphoneos;
				SWIFT_COMPILATION_MODE = wholemodule;
				SWIFT_OPTIMIZATION_LEVEL = "-O";
				VALIDATE_PRODUCT = YES;
			};
			name = Release;
		};
		ACC975A826810FBC000C3593 /* Debug */ = {
			isa = XCBuildConfiguration;
			baseConfigurationReference = E8E167EFB8E59B7A64DB2BAB /* Pods-TeamyApp.debug.xcconfig */;
			buildSettings = {
				ASSETCATALOG_COMPILER_APPICON_NAME = AppIcon;
				ASSETCATALOG_COMPILER_GLOBAL_ACCENT_COLOR_NAME = AccentColor;
				CODE_SIGN_STYLE = Automatic;
				DEVELOPMENT_TEAM = 9XZY7N8QBS;
				INFOPLIST_FILE = TeamyApp/Resources/Info.plist;
				IPHONEOS_DEPLOYMENT_TARGET = 14.5;
				LD_RUNPATH_SEARCH_PATHS = (
					"$(inherited)",
					"@executable_path/Frameworks",
				);
				PRODUCT_BUNDLE_IDENTIFIER = com.anthonybyrd.TeamyApp;
				PRODUCT_NAME = "$(TARGET_NAME)";
				SWIFT_VERSION = 5.0;
				TARGETED_DEVICE_FAMILY = "1,2";
			};
			name = Debug;
		};
		ACC975A926810FBC000C3593 /* Release */ = {
			isa = XCBuildConfiguration;
			baseConfigurationReference = 050254EA7E9DD309E2BDAAFE /* Pods-TeamyApp.release.xcconfig */;
			buildSettings = {
				ASSETCATALOG_COMPILER_APPICON_NAME = AppIcon;
				ASSETCATALOG_COMPILER_GLOBAL_ACCENT_COLOR_NAME = AccentColor;
				CODE_SIGN_STYLE = Automatic;
				DEVELOPMENT_TEAM = 9XZY7N8QBS;
				INFOPLIST_FILE = TeamyApp/Resources/Info.plist;
				IPHONEOS_DEPLOYMENT_TARGET = 14.5;
				LD_RUNPATH_SEARCH_PATHS = (
					"$(inherited)",
					"@executable_path/Frameworks",
				);
				PRODUCT_BUNDLE_IDENTIFIER = com.anthonybyrd.TeamyApp;
				PRODUCT_NAME = "$(TARGET_NAME)";
				SWIFT_VERSION = 5.0;
				TARGETED_DEVICE_FAMILY = "1,2";
			};
			name = Release;
		};
/* End XCBuildConfiguration section */

/* Begin XCConfigurationList section */
		ACC9758E26810FBA000C3593 /* Build configuration list for PBXProject "TeamyApp" */ = {
			isa = XCConfigurationList;
			buildConfigurations = (
				ACC975A526810FBC000C3593 /* Debug */,
				ACC975A626810FBC000C3593 /* Release */,
			);
			defaultConfigurationIsVisible = 0;
			defaultConfigurationName = Release;
		};
		ACC975A726810FBC000C3593 /* Build configuration list for PBXNativeTarget "TeamyApp" */ = {
			isa = XCConfigurationList;
			buildConfigurations = (
				ACC975A826810FBC000C3593 /* Debug */,
				ACC975A926810FBC000C3593 /* Release */,
			);
			defaultConfigurationIsVisible = 0;
			defaultConfigurationName = Release;
		};
/* End XCConfigurationList section */
	};
	rootObject = ACC9758B26810FBA000C3593 /* Project object */;
}
